PODS:
  - React/Core (0.34.1)
  - React/RCTNetwork (0.34.1):
    - React/Core
  - React/RCTText (0.34.1):
    - React/Core
  - React/RCTWebSocket (0.34.1):
    - React/Core

DEPENDENCIES:
  - React/Core (from `node_modules/react-native`)
  - React/RCTNetwork (from `node_modules/react-native`)
  - React/RCTText (from `node_modules/react-native`)
  - React/RCTWebSocket (from `node_modules/react-native`)

EXTERNAL SOURCES:
  React:
    :path: node_modules/react-native

SPEC CHECKSUMS:
  React: fc15d22bec0ec10fe15c12749fbefdac37ddc541

PODFILE CHECKSUM: b35bb0224956629fa7db0fabda54b3e7582327b2

COCOAPODS: 1.1.1
